
Microsoft Visual Studio Solution File, Format Version 12.00
# Visual Studio Version 17
VisualStudioVersion = 17.4.33205.214
MinimumVisualStudioVersion = 10.0.40219.1
Project("{FAE04EC0-301F-11D3-BF4B-00C04F79EFBC}") = "TechTask.Web.Host", "TechTask\TechTask.Web.Host.csproj", "{5F9AC421-D491-4A00-82BE-1E719AB541C1}"
EndProject
Project("{FAE04EC0-301F-11D3-BF4B-00C04F79EFBC}") = "Application", "Application\Application.csproj", "{7FA346F7-CDC0-429F-BA43-5EE03E7B815C}"
EndProject
Project("{FAE04EC0-301F-11D3-BF4B-00C04F79EFBC}") = "Persistence.DAL", "Persistence.DAL\Persistence.DAL.csproj", "{FD1C90B8-C977-421A-A1A2-7BF50A5175BA}"
EndProject
Global
	GlobalSection(SolutionConfigurationPlatforms) = preSolution
		Debug|Any CPU = Debug|Any CPU
		Release|Any CPU = Release|Any CPU
	EndGlobalSection
	GlobalSection(ProjectConfigurationPlatforms) = postSolution
		{5F9AC421-D491-4A00-82BE-1E719AB541C1}.Debug|Any CPU.ActiveCfg = Debug|Any CPU
		{5F9AC421-D491-4A00-82BE-1E719AB541C1}.Debug|Any CPU.Build.0 = Debug|Any CPU
		{5F9AC421-D491-4A00-82BE-1E719AB541C1}.Release|Any CPU.ActiveCfg = Release|Any CPU
		{5F9AC421-D491-4A00-82BE-1E719AB541C1}.Release|Any CPU.Build.0 = Release|Any CPU
		{7FA346F7-CDC0-429F-BA43-5EE03E7B815C}.Debug|Any CPU.ActiveCfg = Debug|Any CPU
		{7FA346F7-CDC0-429F-BA43-5EE03E7B815C}.Debug|Any CPU.Build.0 = Debug|Any CPU
		{7FA346F7-CDC0-429F-BA43-5EE03E7B815C}.Release|Any CPU.ActiveCfg = Release|Any CPU
		{7FA346F7-CDC0-429F-BA43-5EE03E7B815C}.Release|Any CPU.Build.0 = Release|Any CPU
		{FD1C90B8-C977-421A-A1A2-7BF50A5175BA}.Debug|Any CPU.ActiveCfg = Debug|Any CPU
		{FD1C90B8-C977-421A-A1A2-7BF50A5175BA}.Debug|Any CPU.Build.0 = Debug|Any CPU
		{FD1C90B8-C977-421A-A1A2-7BF50A5175BA}.Release|Any CPU.ActiveCfg = Release|Any CPU
		{FD1C90B8-C977-421A-A1A2-7BF50A5175BA}.Release|Any CPU.Build.0 = Release|Any CPU
	EndGlobalSection
	GlobalSection(SolutionProperties) = preSolution
		HideSolutionNode = FALSE
	EndGlobalSection
	GlobalSection(ExtensibilityGlobals) = postSolution
		SolutionGuid = {B3583B65-E2C5-4132-B40C-9F4B985D5EA9}
	EndGlobalSection
EndGlobal
